
Microsoft Visual Studio Solution File, Format Version 12.00
Project("{FAE04EC0-301F-11D3-BF4B-00C04F79EFBC}") = "Engine", "Engine\Engine.csproj", "{B403D669-0922-41E7-880B-BC41E3B5095D}"
EndProject
Project("{FAE04EC0-301F-11D3-BF4B-00C04F79EFBC}") = "Tests", "Tests\Tests.csproj", "{C001F637-7BB2-44DD-A3E0-F286A1C939C0}"
EndProject
Project("{FAE04EC0-301F-11D3-BF4B-00C04F79EFBC}") = "App", "App\App.csproj", "{7ECC9903-437C-4C9B-B2CF-C62662059768}"
EndProject
Global
	GlobalSection(SolutionConfigurationPlatforms) = preSolution
		Debug|Any CPU = Debug|Any CPU
		Release|Any CPU = Release|Any CPU
	EndGlobalSection
	GlobalSection(ProjectConfigurationPlatforms) = postSolution
		{B403D669-0922-41E7-880B-BC41E3B5095D}.Debug|Any CPU.ActiveCfg = Debug|Any CPU
		{B403D669-0922-41E7-880B-BC41E3B5095D}.Debug|Any CPU.Build.0 = Debug|Any CPU
		{B403D669-0922-41E7-880B-BC41E3B5095D}.Release|Any CPU.ActiveCfg = Release|Any CPU
		{B403D669-0922-41E7-880B-BC41E3B5095D}.Release|Any CPU.Build.0 = Release|Any CPU
		{B403D669-0922-41E7-880B-BC41E3B5095D}.Release|Any CPU.Deploy.0 = Release|Any CPU
		{C001F637-7BB2-44DD-A3E0-F286A1C939C0}.Debug|Any CPU.ActiveCfg = Debug|Any CPU
		{C001F637-7BB2-44DD-A3E0-F286A1C939C0}.Debug|Any CPU.Build.0 = Debug|Any CPU
		{C001F637-7BB2-44DD-A3E0-F286A1C939C0}.Release|Any CPU.ActiveCfg = Release|Any CPU
		{7ECC9903-437C-4C9B-B2CF-C62662059768}.Debug|Any CPU.ActiveCfg = Debug|Any CPU
		{7ECC9903-437C-4C9B-B2CF-C62662059768}.Debug|Any CPU.Build.0 = Debug|Any CPU
		{7ECC9903-437C-4C9B-B2CF-C62662059768}.Release|Any CPU.ActiveCfg = Release|Any CPU
		{7ECC9903-437C-4C9B-B2CF-C62662059768}.Release|Any CPU.Build.0 = Release|Any CPU
		{7ECC9903-437C-4C9B-B2CF-C62662059768}.Release|Any CPU.Deploy.0 = Release|Any CPU
	EndGlobalSection
EndGlobal
